
Microsoft Visual Studio Solution File, Format Version 12.00
# Visual Studio Version 16
VisualStudioVersion = 16.0.31112.23
MinimumVisualStudioVersion = 10.0.40219.1
Project("{FAE04EC0-301F-11D3-BF4B-00C04F79EFBC}") = "S3InnovatetechinalLabtest1", "S3InnovatetechinalLabtest1\S3InnovatetechinalLabtest1.csproj", "{D16267C6-7B29-4C46-8677-A01AC5436368}"
EndProject
Global
	GlobalSection(SolutionConfigurationPlatforms) = preSolution
		Debug|Any CPU = Debug|Any CPU
		Release|Any CPU = Release|Any CPU
	EndGlobalSection
	GlobalSection(ProjectConfigurationPlatforms) = postSolution
		{D16267C6-7B29-4C46-8677-A01AC5436368}.Debug|Any CPU.ActiveCfg = Debug|Any CPU
		{D16267C6-7B29-4C46-8677-A01AC5436368}.Debug|Any CPU.Build.0 = Debug|Any CPU
		{D16267C6-7B29-4C46-8677-A01AC5436368}.Release|Any CPU.ActiveCfg = Release|Any CPU
		{D16267C6-7B29-4C46-8677-A01AC5436368}.Release|Any CPU.Build.0 = Release|Any CPU
	EndGlobalSection
	GlobalSection(SolutionProperties) = preSolution
		HideSolutionNode = FALSE
	EndGlobalSection
	GlobalSection(ExtensibilityGlobals) = postSolution
		SolutionGuid = {31E3FCCF-861F-4018-BA2F-85B773305BC0}
	EndGlobalSection
EndGlobal
